
Microsoft Visual Studio Solution File, Format Version 12.00
# Visual Studio Version 17
VisualStudioVersion = 17.9.34728.123
MinimumVisualStudioVersion = 10.0.40219.1
Project("{9A19103F-16F7-4668-BE54-9A1E7A4F7556}") = "Test_fastendpoints", "Test_fastendpoints.csproj", "{6AF0D802-096C-46D4-B448-E7A402FD53EA}"
EndProject
Global
	GlobalSection(SolutionConfigurationPlatforms) = preSolution
		Debug|Any CPU = Debug|Any CPU
		Release|Any CPU = Release|Any CPU
	EndGlobalSection
	GlobalSection(ProjectConfigurationPlatforms) = postSolution
		{6AF0D802-096C-46D4-B448-E7A402FD53EA}.Debug|Any CPU.ActiveCfg = Debug|Any CPU
		{6AF0D802-096C-46D4-B448-E7A402FD53EA}.Debug|Any CPU.Build.0 = Debug|Any CPU
		{6AF0D802-096C-46D4-B448-E7A402FD53EA}.Release|Any CPU.ActiveCfg = Release|Any CPU
		{6AF0D802-096C-46D4-B448-E7A402FD53EA}.Release|Any CPU.Build.0 = Release|Any CPU
	EndGlobalSection
	GlobalSection(SolutionProperties) = preSolution
		HideSolutionNode = FALSE
	EndGlobalSection
	GlobalSection(ExtensibilityGlobals) = postSolution
		SolutionGuid = {2C7CDAFD-C659-42F4-9DA0-263C1A96E8B6}
	EndGlobalSection
EndGlobal
